
Microsoft Visual Studio Solution File, Format Version 12.00
# Visual Studio for Mac
Project("{FAE04EC0-301F-11D3-BF4B-00C04F79EFBC}") = "Assembly-CSharp", "Assembly-CSharp.csproj", "{59471932-3529-3EF3-2699-3F77E9DC3E08}"
EndProject
Project("{FAE04EC0-301F-11D3-BF4B-00C04F79EFBC}") = "Assembly-CSharp-Editor", "Assembly-CSharp-Editor.csproj", "{92EEC3B5-3060-6419-6DA5-9FB41666CA63}"
EndProject
Global
	GlobalSection(SolutionConfigurationPlatforms) = preSolution
		Debug|Any CPU = Debug|Any CPU
		Release|Any CPU = Release|Any CPU
	EndGlobalSection
	GlobalSection(ProjectConfigurationPlatforms) = postSolution
		{59471932-3529-3EF3-2699-3F77E9DC3E08}.Debug|Any CPU.ActiveCfg = Debug|Any CPU
		{59471932-3529-3EF3-2699-3F77E9DC3E08}.Debug|Any CPU.Build.0 = Debug|Any CPU
		{59471932-3529-3EF3-2699-3F77E9DC3E08}.Release|Any CPU.ActiveCfg = Release|Any CPU
		{59471932-3529-3EF3-2699-3F77E9DC3E08}.Release|Any CPU.Build.0 = Release|Any CPU
		{92EEC3B5-3060-6419-6DA5-9FB41666CA63}.Debug|Any CPU.ActiveCfg = Debug|Any CPU
		{92EEC3B5-3060-6419-6DA5-9FB41666CA63}.Debug|Any CPU.Build.0 = Debug|Any CPU
		{92EEC3B5-3060-6419-6DA5-9FB41666CA63}.Release|Any CPU.ActiveCfg = Release|Any CPU
		{92EEC3B5-3060-6419-6DA5-9FB41666CA63}.Release|Any CPU.Build.0 = Release|Any CPU
	EndGlobalSection
	GlobalSection(SolutionProperties) = preSolution
		HideSolutionNode = FALSE
	EndGlobalSection
EndGlobal
